
Microsoft Visual Studio Solution File, Format Version 12.00
# Visual Studio Version 17
VisualStudioVersion = 17.5.002.0
MinimumVisualStudioVersion = 10.0.40219.1
Project("{9A19103F-16F7-4668-BE54-9A1E7A4F7556}") = "grupp_arbete", "SwedishPersonalNumberValidator.csproj", "{4D242514-563D-4627-BC8B-24B7192017A6}"
EndProject
Project("{FAE04EC0-301F-11D3-BF4B-00C04F79EFBC}") = "Personummer", "..\Personummer\Personummer.csproj", "{B00203DD-9810-4036-AD5B-7B7D4BCCAB9E}"
EndProject
Global
	GlobalSection(SolutionConfigurationPlatforms) = preSolution
		Debug|Any CPU = Debug|Any CPU
		Release|Any CPU = Release|Any CPU
	EndGlobalSection
	GlobalSection(ProjectConfigurationPlatforms) = postSolution
		{4D242514-563D-4627-BC8B-24B7192017A6}.Debug|Any CPU.ActiveCfg = Debug|Any CPU
		{4D242514-563D-4627-BC8B-24B7192017A6}.Debug|Any CPU.Build.0 = Debug|Any CPU
		{4D242514-563D-4627-BC8B-24B7192017A6}.Release|Any CPU.ActiveCfg = Release|Any CPU
		{4D242514-563D-4627-BC8B-24B7192017A6}.Release|Any CPU.Build.0 = Release|Any CPU
		{B00203DD-9810-4036-AD5B-7B7D4BCCAB9E}.Debug|Any CPU.ActiveCfg = Debug|Any CPU
		{B00203DD-9810-4036-AD5B-7B7D4BCCAB9E}.Debug|Any CPU.Build.0 = Debug|Any CPU
		{B00203DD-9810-4036-AD5B-7B7D4BCCAB9E}.Release|Any CPU.ActiveCfg = Release|Any CPU
		{B00203DD-9810-4036-AD5B-7B7D4BCCAB9E}.Release|Any CPU.Build.0 = Release|Any CPU
	EndGlobalSection
	GlobalSection(SolutionProperties) = preSolution
		HideSolutionNode = FALSE
	EndGlobalSection
	GlobalSection(ExtensibilityGlobals) = postSolution
		SolutionGuid = {FC4876B9-C746-4380-9CA7-717A2FB860C1}
	EndGlobalSection
EndGlobal
